// !$*UTF8*$!
{
	archiveVersion = 1;
	classes = {
	};
	objectVersion = 46;
	objects = {

/* Begin PBXBuildFile section */
		0AD63D16D28D44687BB84B8A /* Pods_KWSDemo_Tests.framework in Frameworks */ = {isa = PBXBuildFile; fileRef = 3EC706827DB57F09DB5072B1 /* Pods_KWSDemo_Tests.framework */; };
		1B085FFA1DF96B6100986E56 /* RxKWS.swift in Sources */ = {isa = PBXBuildFile; fileRef = 1B085FF91DF96B6100986E56 /* RxKWS.swift */; };
		1B085FFC1DF9A44800986E56 /* KWSBaseController.swift in Sources */ = {isa = PBXBuildFile; fileRef = 1B085FFB1DF9A44800986E56 /* KWSBaseController.swift */; };
		1B0860001DF9C28F00986E56 /* SignUpModel.swift in Sources */ = {isa = PBXBuildFile; fileRef = 1B085FFF1DF9C28F00986E56 /* SignUpModel.swift */; };
		1B4298DC1DFABD19008F9FFF /* RxDataSource.swift in Sources */ = {isa = PBXBuildFile; fileRef = 1B4298DB1DFABD19008F9FFF /* RxDataSource.swift */; };
		1B56DFD51D194A6200973075 /* AppDelegate.swift in Sources */ = {isa = PBXBuildFile; fileRef = 1B56DFD41D194A6200973075 /* AppDelegate.swift */; };
		1B56DFD71D194A6200973075 /* PlatformViewController.swift in Sources */ = {isa = PBXBuildFile; fileRef = 1B56DFD61D194A6200973075 /* PlatformViewController.swift */; };
		1B56DFDA1D194A6200973075 /* Main.storyboard in Resources */ = {isa = PBXBuildFile; fileRef = 1B56DFD81D194A6200973075 /* Main.storyboard */; };
		1B56DFDC1D194A6200973075 /* Assets.xcassets in Resources */ = {isa = PBXBuildFile; fileRef = 1B56DFDB1D194A6200973075 /* Assets.xcassets */; };
		1B56DFDF1D194A6200973075 /* LaunchScreen.storyboard in Resources */ = {isa = PBXBuildFile; fileRef = 1B56DFDD1D194A6200973075 /* LaunchScreen.storyboard */; };
		1B6392A31D5B72E5005FDCE2 /* UserHeader.swift in Sources */ = {isa = PBXBuildFile; fileRef = 1B6392A11D5B72E5005FDCE2 /* UserHeader.swift */; };
		1B6392A71D5B72F1005FDCE2 /* UserRow.swift in Sources */ = {isa = PBXBuildFile; fileRef = 1B6392A51D5B72F1005FDCE2 /* UserRow.swift */; };
		1B6392AB1D5B92A3005FDCE2 /* FeaturePermRow.swift in Sources */ = {isa = PBXBuildFile; fileRef = 1B6392A91D5B92A3005FDCE2 /* FeaturePermRow.swift */; };
		1B6392B31D5C7386005FDCE2 /* FeatureEventRow.swift in Sources */ = {isa = PBXBuildFile; fileRef = 1B6392B21D5C7386005FDCE2 /* FeatureEventRow.swift */; };
		1B6392B51D5C768B005FDCE2 /* LeaderViewController.swift in Sources */ = {isa = PBXBuildFile; fileRef = 1B6392B41D5C768B005FDCE2 /* LeaderViewController.swift */; };
		1B6392B71D5C78F1005FDCE2 /* LeaderRow.swift in Sources */ = {isa = PBXBuildFile; fileRef = 1B6392B61D5C78F1005FDCE2 /* LeaderRow.swift */; };
		1B64639F1D5CCADA00FB81FD /* FeatureAuthViewModel.swift in Sources */ = {isa = PBXBuildFile; fileRef = 1B64639E1D5CCADA00FB81FD /* FeatureAuthViewModel.swift */; };
		1B6463A11D5CCAE400FB81FD /* FeatureNotifViewModel.swift in Sources */ = {isa = PBXBuildFile; fileRef = 1B6463A01D5CCAE400FB81FD /* FeatureNotifViewModel.swift */; };
		1B6463A31D5CCAF000FB81FD /* FeaturePermViewModel.swift in Sources */ = {isa = PBXBuildFile; fileRef = 1B6463A21D5CCAF000FB81FD /* FeaturePermViewModel.swift */; };
		1B6463A51D5CCAFE00FB81FD /* FeatureEventViewModel.swift in Sources */ = {isa = PBXBuildFile; fileRef = 1B6463A41D5CCAFE00FB81FD /* FeatureEventViewModel.swift */; };
		1B68752E1F05467F003FC719 /* MainController.swift in Sources */ = {isa = PBXBuildFile; fileRef = 1B68752D1F05467F003FC719 /* MainController.swift */; };
		1B6875301F054793003FC719 /* KWSNavigationController.swift in Sources */ = {isa = PBXBuildFile; fileRef = 1B68752F1F054793003FC719 /* KWSNavigationController.swift */; };
		1B7AD5921D5CADD4003400B4 /* UserHeaderViewModel.swift in Sources */ = {isa = PBXBuildFile; fileRef = 1B7AD5911D5CADD4003400B4 /* UserHeaderViewModel.swift */; };
		1B7AD5941D5CADDD003400B4 /* UserRowViewModel.swift in Sources */ = {isa = PBXBuildFile; fileRef = 1B7AD5931D5CADDD003400B4 /* UserRowViewModel.swift */; };
		1B7AD5961D5CB074003400B4 /* ViewModel.swift in Sources */ = {isa = PBXBuildFile; fileRef = 1B7AD5951D5CB074003400B4 /* ViewModel.swift */; };
		1B7AD5981D5CB563003400B4 /* LeaderRowViewModel.swift in Sources */ = {isa = PBXBuildFile; fileRef = 1B7AD5971D5CB563003400B4 /* LeaderRowViewModel.swift */; };
		1B7AD59A1D5CB7DA003400B4 /* LeaderHeader.swift in Sources */ = {isa = PBXBuildFile; fileRef = 1B7AD5991D5CB7DA003400B4 /* LeaderHeader.swift */; };
		1B7AD59C1D5CB9A4003400B4 /* LeaderHeaderViewModel.swift in Sources */ = {isa = PBXBuildFile; fileRef = 1B7AD59B1D5CB9A4003400B4 /* LeaderHeaderViewModel.swift */; };
		1B92FCDD1D218BEA00B75617 /* UserViewController.swift in Sources */ = {isa = PBXBuildFile; fileRef = 1B92FCDC1D218BEA00B75617 /* UserViewController.swift */; };
		1B92FD0C1D228F7000B75617 /* GoogleService-Info.plist in Resources */ = {isa = PBXBuildFile; fileRef = 1B92FD0B1D228F7000B75617 /* GoogleService-Info.plist */; };
		1B993B3D1E02FFDE00EE5001 /* KWSDemo_Tests.swift in Sources */ = {isa = PBXBuildFile; fileRef = 1B993B3C1E02FFDE00EE5001 /* KWSDemo_Tests.swift */; };
		1BA9F0DF1D78336C002150A7 /* FeatureInviteRow.swift in Sources */ = {isa = PBXBuildFile; fileRef = 1BA9F0DE1D78336C002150A7 /* FeatureInviteRow.swift */; };
		1BA9F0E11D783478002150A7 /* FeatureInviteViewModel.swift in Sources */ = {isa = PBXBuildFile; fileRef = 1BA9F0E01D783478002150A7 /* FeatureInviteViewModel.swift */; };
		1BA9F0E31D783893002150A7 /* FeatureAppDataRow.swift in Sources */ = {isa = PBXBuildFile; fileRef = 1BA9F0E21D783893002150A7 /* FeatureAppDataRow.swift */; };
		1BA9F0E51D78390D002150A7 /* FeatureAppDataViewModel.swift in Sources */ = {isa = PBXBuildFile; fileRef = 1BA9F0E41D78390D002150A7 /* FeatureAppDataViewModel.swift */; };
		1BA9F0E91D783CF0002150A7 /* GetAppDataController.swift in Sources */ = {isa = PBXBuildFile; fileRef = 1BA9F0E81D783CF0002150A7 /* GetAppDataController.swift */; };
		1BA9F0EB1D783FC3002150A7 /* GetAppDataRow.swift in Sources */ = {isa = PBXBuildFile; fileRef = 1BA9F0EA1D783FC3002150A7 /* GetAppDataRow.swift */; };
		1BA9F0ED1D783FCE002150A7 /* GetAppDataViewModel.swift in Sources */ = {isa = PBXBuildFile; fileRef = 1BA9F0EC1D783FCE002150A7 /* GetAppDataViewModel.swift */; };
		1BA9F0F11D78442A002150A7 /* SetAppDataController.swift in Sources */ = {isa = PBXBuildFile; fileRef = 1BA9F0F01D78442A002150A7 /* SetAppDataController.swift */; };
		1BA9F0F31D784EA4002150A7 /* SetAppDataModel.swift in Sources */ = {isa = PBXBuildFile; fileRef = 1BA9F0F21D784EA4002150A7 /* SetAppDataModel.swift */; };
		1BAE465D1DFAE70000377895 /* LoginController.swift in Sources */ = {isa = PBXBuildFile; fileRef = 1BAE465C1DFAE70000377895 /* LoginController.swift */; };
		1BAE465F1DFAE71800377895 /* LoginModel.swift in Sources */ = {isa = PBXBuildFile; fileRef = 1BAE465E1DFAE71800377895 /* LoginModel.swift */; };
		1BAE46621DFAF75B00377895 /* CountryController.swift in Sources */ = {isa = PBXBuildFile; fileRef = 1BAE46611DFAF75B00377895 /* CountryController.swift */; };
		1BAE46641DFAFC8300377895 /* CountryRow.swift in Sources */ = {isa = PBXBuildFile; fileRef = 1BAE46631DFAFC8300377895 /* CountryRow.swift */; };
		1BAE46661DFAFC9500377895 /* CountryRowViewModel.swift in Sources */ = {isa = PBXBuildFile; fileRef = 1BAE46651DFAFC9500377895 /* CountryRowViewModel.swift */; };
		1BDC11A61D1953C900B1111A /* FeatureViewController.swift in Sources */ = {isa = PBXBuildFile; fileRef = 1BDC11A51D1953C900B1111A /* FeatureViewController.swift */; };
		1BDC11A81D1953E000B1111A /* DocumentationViewController.swift in Sources */ = {isa = PBXBuildFile; fileRef = 1BDC11A71D1953E000B1111A /* DocumentationViewController.swift */; };
		1BDC11BF1D198B5600B1111A /* SF-UI-Text-Bold.otf in Resources */ = {isa = PBXBuildFile; fileRef = 1BDC11B11D198B5600B1111A /* SF-UI-Text-Bold.otf */; };
		1BDC11C01D198B5600B1111A /* SF-UI-Text-BoldItalic.otf in Resources */ = {isa = PBXBuildFile; fileRef = 1BDC11B21D198B5600B1111A /* SF-UI-Text-BoldItalic.otf */; };
		1BDC11C11D198B5600B1111A /* SF-UI-Text-Heavy.otf in Resources */ = {isa = PBXBuildFile; fileRef = 1BDC11B31D198B5600B1111A /* SF-UI-Text-Heavy.otf */; };
		1BDC11C21D198B5600B1111A /* SF-UI-Text-HeavyItalic.otf in Resources */ = {isa = PBXBuildFile; fileRef = 1BDC11B41D198B5600B1111A /* SF-UI-Text-HeavyItalic.otf */; };
		1BDC11C31D198B5600B1111A /* SF-UI-Text-Light.otf in Resources */ = {isa = PBXBuildFile; fileRef = 1BDC11B51D198B5600B1111A /* SF-UI-Text-Light.otf */; };
		1BDC11C41D198B5600B1111A /* SF-UI-Text-LightItalic.otf in Resources */ = {isa = PBXBuildFile; fileRef = 1BDC11B61D198B5600B1111A /* SF-UI-Text-LightItalic.otf */; };
		1BDC11C51D198B5600B1111A /* SF-UI-Text-Medium.otf in Resources */ = {isa = PBXBuildFile; fileRef = 1BDC11B71D198B5600B1111A /* SF-UI-Text-Medium.otf */; };
		1BDC11C61D198B5600B1111A /* SF-UI-Text-MediumItalic.otf in Resources */ = {isa = PBXBuildFile; fileRef = 1BDC11B81D198B5600B1111A /* SF-UI-Text-MediumItalic.otf */; };
		1BDC11C71D198B5600B1111A /* SF-UI-Text-Regular.otf in Resources */ = {isa = PBXBuildFile; fileRef = 1BDC11B91D198B5600B1111A /* SF-UI-Text-Regular.otf */; };
		1BDC11C81D198B5600B1111A /* SF-UI-Text-RegularItalic.otf in Resources */ = {isa = PBXBuildFile; fileRef = 1BDC11BA1D198B5600B1111A /* SF-UI-Text-RegularItalic.otf */; };
		1BDC11C91D198B5600B1111A /* SF-UI-Text-Semibold.otf in Resources */ = {isa = PBXBuildFile; fileRef = 1BDC11BB1D198B5600B1111A /* SF-UI-Text-Semibold.otf */; };
		1BDC11CA1D198B5600B1111A /* SF-UI-Text-SemiboldItalic.otf in Resources */ = {isa = PBXBuildFile; fileRef = 1BDC11BC1D198B5600B1111A /* SF-UI-Text-SemiboldItalic.otf */; };
		1BDC11CB1D198B5600B1111A /* SF-UI-Text-Ultrathin.otf in Resources */ = {isa = PBXBuildFile; fileRef = 1BDC11BD1D198B5600B1111A /* SF-UI-Text-Ultrathin.otf */; };
		1BDC11CC1D198B5600B1111A /* SF-UI-Text-UltrathinItalic.otf in Resources */ = {isa = PBXBuildFile; fileRef = 1BDC11BE1D198B5600B1111A /* SF-UI-Text-UltrathinItalic.otf */; };
		1BDC11ED1D1AA3BD00B1111A /* KWSButton.swift in Sources */ = {isa = PBXBuildFile; fileRef = 1BDC11EC1D1AA3BD00B1111A /* KWSButton.swift */; };
		1BDC11F31D1AA99800B1111A /* FeatureAuthRow.swift in Sources */ = {isa = PBXBuildFile; fileRef = 1BDC11F11D1AA99800B1111A /* FeatureAuthRow.swift */; };
		1BDC11F71D1AA9A400B1111A /* FeatureNotifRow.swift in Sources */ = {isa = PBXBuildFile; fileRef = 1BDC11F51D1AA9A400B1111A /* FeatureNotifRow.swift */; };
		1BDC11FA1D1AABBD00B1111A /* KWSShadowView.swift in Sources */ = {isa = PBXBuildFile; fileRef = 1BDC11F91D1AABBD00B1111A /* KWSShadowView.swift */; };
		1BDC11FC1D1ABF8E00B1111A /* SignUpViewController.swift in Sources */ = {isa = PBXBuildFile; fileRef = 1BDC11FB1D1ABF8E00B1111A /* SignUpViewController.swift */; };
		1BDC12001D1AECC300B1111A /* KWSTextField.swift in Sources */ = {isa = PBXBuildFile; fileRef = 1BDC11FF1D1AECC300B1111A /* KWSTextField.swift */; };
		1BE8CEF61D8FF2A000572070 /* Localizable.strings in Resources */ = {isa = PBXBuildFile; fileRef = 1BE8CEF51D8FF2A000572070 /* Localizable.strings */; };
		1BE8CEFD1D90342300572070 /* KWSString.swift in Sources */ = {isa = PBXBuildFile; fileRef = 1BE8CEFC1D90342300572070 /* KWSString.swift */; };
		50C2AB16D0E9845AEC8E392C /* Pods_KWSDemo.framework in Frameworks */ = {isa = PBXBuildFile; fileRef = E1E173A3EC684DF8E746E0FA /* Pods_KWSDemo.framework */; };
/* End PBXBuildFile section */

/* Begin PBXContainerItemProxy section */
		1B993B3F1E02FFDE00EE5001 /* PBXContainerItemProxy */ = {
			isa = PBXContainerItemProxy;
			containerPortal = 1B56DFC91D194A6200973075 /* Project object */;
			proxyType = 1;
			remoteGlobalIDString = 1B56DFD01D194A6200973075;
			remoteInfo = KWSDemo;
		};
/* End PBXContainerItemProxy section */

/* Begin PBXFileReference section */
		00F9BF47BF8D68AB13BC322F /* Pods-KWSDemo.release.xcconfig */ = {isa = PBXFileReference; includeInIndex = 1; lastKnownFileType = text.xcconfig; name = "Pods-KWSDemo.release.xcconfig"; path = "Pods/Target Support Files/Pods-KWSDemo/Pods-KWSDemo.release.xcconfig"; sourceTree = "<group>"; };
		1B085FF91DF96B6100986E56 /* RxKWS.swift */ = {isa = PBXFileReference; fileEncoding = 4; lastKnownFileType = sourcecode.swift; path = RxKWS.swift; sourceTree = "<group>"; };
		1B085FFB1DF9A44800986E56 /* KWSBaseController.swift */ = {isa = PBXFileReference; fileEncoding = 4; lastKnownFileType = sourcecode.swift; path = KWSBaseController.swift; sourceTree = "<group>"; };
		1B085FFF1DF9C28F00986E56 /* SignUpModel.swift */ = {isa = PBXFileReference; fileEncoding = 4; lastKnownFileType = sourcecode.swift; path = SignUpModel.swift; sourceTree = "<group>"; };
		1B4298DB1DFABD19008F9FFF /* RxDataSource.swift */ = {isa = PBXFileReference; fileEncoding = 4; lastKnownFileType = sourcecode.swift; path = RxDataSource.swift; sourceTree = "<group>"; };
		1B56DFD11D194A6200973075 /* KWSDemo.app */ = {isa = PBXFileReference; explicitFileType = wrapper.application; includeInIndex = 0; path = KWSDemo.app; sourceTree = BUILT_PRODUCTS_DIR; };
		1B56DFD41D194A6200973075 /* AppDelegate.swift */ = {isa = PBXFileReference; lastKnownFileType = sourcecode.swift; path = AppDelegate.swift; sourceTree = "<group>"; };
		1B56DFD61D194A6200973075 /* PlatformViewController.swift */ = {isa = PBXFileReference; lastKnownFileType = sourcecode.swift; path = PlatformViewController.swift; sourceTree = "<group>"; };
		1B56DFD91D194A6200973075 /* Base */ = {isa = PBXFileReference; lastKnownFileType = file.storyboard; name = Base; path = Base.lproj/Main.storyboard; sourceTree = "<group>"; };
		1B56DFDB1D194A6200973075 /* Assets.xcassets */ = {isa = PBXFileReference; lastKnownFileType = folder.assetcatalog; path = Assets.xcassets; sourceTree = "<group>"; };
		1B56DFDE1D194A6200973075 /* Base */ = {isa = PBXFileReference; lastKnownFileType = file.storyboard; name = Base; path = Base.lproj/LaunchScreen.storyboard; sourceTree = "<group>"; };
		1B56DFE01D194A6200973075 /* Info.plist */ = {isa = PBXFileReference; lastKnownFileType = text.plist.xml; path = Info.plist; sourceTree = "<group>"; };
		1B56DFE91D194B6700973075 /* KWSDemo-Bridging-Header.h */ = {isa = PBXFileReference; lastKnownFileType = sourcecode.c.h; path = "KWSDemo-Bridging-Header.h"; sourceTree = "<group>"; };
		1B6392A11D5B72E5005FDCE2 /* UserHeader.swift */ = {isa = PBXFileReference; fileEncoding = 4; lastKnownFileType = sourcecode.swift; path = UserHeader.swift; sourceTree = "<group>"; };
		1B6392A51D5B72F1005FDCE2 /* UserRow.swift */ = {isa = PBXFileReference; fileEncoding = 4; lastKnownFileType = sourcecode.swift; path = UserRow.swift; sourceTree = "<group>"; };
		1B6392A91D5B92A3005FDCE2 /* FeaturePermRow.swift */ = {isa = PBXFileReference; fileEncoding = 4; lastKnownFileType = sourcecode.swift; path = FeaturePermRow.swift; sourceTree = "<group>"; };
		1B6392B21D5C7386005FDCE2 /* FeatureEventRow.swift */ = {isa = PBXFileReference; fileEncoding = 4; lastKnownFileType = sourcecode.swift; path = FeatureEventRow.swift; sourceTree = "<group>"; };
		1B6392B41D5C768B005FDCE2 /* LeaderViewController.swift */ = {isa = PBXFileReference; fileEncoding = 4; lastKnownFileType = sourcecode.swift; path = LeaderViewController.swift; sourceTree = "<group>"; };
		1B6392B61D5C78F1005FDCE2 /* LeaderRow.swift */ = {isa = PBXFileReference; fileEncoding = 4; lastKnownFileType = sourcecode.swift; path = LeaderRow.swift; sourceTree = "<group>"; };
		1B64639E1D5CCADA00FB81FD /* FeatureAuthViewModel.swift */ = {isa = PBXFileReference; fileEncoding = 4; lastKnownFileType = sourcecode.swift; path = FeatureAuthViewModel.swift; sourceTree = "<group>"; };
		1B6463A01D5CCAE400FB81FD /* FeatureNotifViewModel.swift */ = {isa = PBXFileReference; fileEncoding = 4; lastKnownFileType = sourcecode.swift; path = FeatureNotifViewModel.swift; sourceTree = "<group>"; };
		1B6463A21D5CCAF000FB81FD /* FeaturePermViewModel.swift */ = {isa = PBXFileReference; fileEncoding = 4; lastKnownFileType = sourcecode.swift; path = FeaturePermViewModel.swift; sourceTree = "<group>"; };
		1B6463A41D5CCAFE00FB81FD /* FeatureEventViewModel.swift */ = {isa = PBXFileReference; fileEncoding = 4; lastKnownFileType = sourcecode.swift; path = FeatureEventViewModel.swift; sourceTree = "<group>"; };
		1B68752D1F05467F003FC719 /* MainController.swift */ = {isa = PBXFileReference; fileEncoding = 4; lastKnownFileType = sourcecode.swift; path = MainController.swift; sourceTree = "<group>"; };
		1B68752F1F054793003FC719 /* KWSNavigationController.swift */ = {isa = PBXFileReference; fileEncoding = 4; lastKnownFileType = sourcecode.swift; path = KWSNavigationController.swift; sourceTree = "<group>"; };
		1B7AD5911D5CADD4003400B4 /* UserHeaderViewModel.swift */ = {isa = PBXFileReference; fileEncoding = 4; lastKnownFileType = sourcecode.swift; path = UserHeaderViewModel.swift; sourceTree = "<group>"; };
		1B7AD5931D5CADDD003400B4 /* UserRowViewModel.swift */ = {isa = PBXFileReference; fileEncoding = 4; lastKnownFileType = sourcecode.swift; path = UserRowViewModel.swift; sourceTree = "<group>"; };
		1B7AD5951D5CB074003400B4 /* ViewModel.swift */ = {isa = PBXFileReference; fileEncoding = 4; lastKnownFileType = sourcecode.swift; path = ViewModel.swift; sourceTree = "<group>"; };
		1B7AD5971D5CB563003400B4 /* LeaderRowViewModel.swift */ = {isa = PBXFileReference; fileEncoding = 4; lastKnownFileType = sourcecode.swift; path = LeaderRowViewModel.swift; sourceTree = "<group>"; };
		1B7AD5991D5CB7DA003400B4 /* LeaderHeader.swift */ = {isa = PBXFileReference; fileEncoding = 4; lastKnownFileType = sourcecode.swift; path = LeaderHeader.swift; sourceTree = "<group>"; };
		1B7AD59B1D5CB9A4003400B4 /* LeaderHeaderViewModel.swift */ = {isa = PBXFileReference; fileEncoding = 4; lastKnownFileType = sourcecode.swift; path = LeaderHeaderViewModel.swift; sourceTree = "<group>"; };
		1B92FCDC1D218BEA00B75617 /* UserViewController.swift */ = {isa = PBXFileReference; fileEncoding = 4; lastKnownFileType = sourcecode.swift; path = UserViewController.swift; sourceTree = "<group>"; };
		1B92FD0B1D228F7000B75617 /* GoogleService-Info.plist */ = {isa = PBXFileReference; fileEncoding = 4; lastKnownFileType = text.plist.xml; path = "GoogleService-Info.plist"; sourceTree = "<group>"; };
		1B993B3A1E02FFDE00EE5001 /* KWSDemo_Tests.xctest */ = {isa = PBXFileReference; explicitFileType = wrapper.cfbundle; includeInIndex = 0; path = KWSDemo_Tests.xctest; sourceTree = BUILT_PRODUCTS_DIR; };
		1B993B3C1E02FFDE00EE5001 /* KWSDemo_Tests.swift */ = {isa = PBXFileReference; lastKnownFileType = sourcecode.swift; path = KWSDemo_Tests.swift; sourceTree = "<group>"; };
		1B993B3E1E02FFDE00EE5001 /* Info.plist */ = {isa = PBXFileReference; lastKnownFileType = text.plist.xml; path = Info.plist; sourceTree = "<group>"; };
		1BA9F0DE1D78336C002150A7 /* FeatureInviteRow.swift */ = {isa = PBXFileReference; fileEncoding = 4; lastKnownFileType = sourcecode.swift; path = FeatureInviteRow.swift; sourceTree = "<group>"; };
		1BA9F0E01D783478002150A7 /* FeatureInviteViewModel.swift */ = {isa = PBXFileReference; fileEncoding = 4; lastKnownFileType = sourcecode.swift; path = FeatureInviteViewModel.swift; sourceTree = "<group>"; };
		1BA9F0E21D783893002150A7 /* FeatureAppDataRow.swift */ = {isa = PBXFileReference; fileEncoding = 4; lastKnownFileType = sourcecode.swift; path = FeatureAppDataRow.swift; sourceTree = "<group>"; };
		1BA9F0E41D78390D002150A7 /* FeatureAppDataViewModel.swift */ = {isa = PBXFileReference; fileEncoding = 4; lastKnownFileType = sourcecode.swift; path = FeatureAppDataViewModel.swift; sourceTree = "<group>"; };
		1BA9F0E81D783CF0002150A7 /* GetAppDataController.swift */ = {isa = PBXFileReference; fileEncoding = 4; lastKnownFileType = sourcecode.swift; path = GetAppDataController.swift; sourceTree = "<group>"; };
		1BA9F0EA1D783FC3002150A7 /* GetAppDataRow.swift */ = {isa = PBXFileReference; fileEncoding = 4; lastKnownFileType = sourcecode.swift; path = GetAppDataRow.swift; sourceTree = "<group>"; };
		1BA9F0EC1D783FCE002150A7 /* GetAppDataViewModel.swift */ = {isa = PBXFileReference; fileEncoding = 4; lastKnownFileType = sourcecode.swift; path = GetAppDataViewModel.swift; sourceTree = "<group>"; };
		1BA9F0F01D78442A002150A7 /* SetAppDataController.swift */ = {isa = PBXFileReference; fileEncoding = 4; lastKnownFileType = sourcecode.swift; path = SetAppDataController.swift; sourceTree = "<group>"; };
		1BA9F0F21D784EA4002150A7 /* SetAppDataModel.swift */ = {isa = PBXFileReference; fileEncoding = 4; lastKnownFileType = sourcecode.swift; path = SetAppDataModel.swift; sourceTree = "<group>"; };
		1BAE465C1DFAE70000377895 /* LoginController.swift */ = {isa = PBXFileReference; fileEncoding = 4; lastKnownFileType = sourcecode.swift; path = LoginController.swift; sourceTree = "<group>"; };
		1BAE465E1DFAE71800377895 /* LoginModel.swift */ = {isa = PBXFileReference; fileEncoding = 4; lastKnownFileType = sourcecode.swift; path = LoginModel.swift; sourceTree = "<group>"; };
		1BAE46611DFAF75B00377895 /* CountryController.swift */ = {isa = PBXFileReference; fileEncoding = 4; lastKnownFileType = sourcecode.swift; path = CountryController.swift; sourceTree = "<group>"; };
		1BAE46631DFAFC8300377895 /* CountryRow.swift */ = {isa = PBXFileReference; fileEncoding = 4; lastKnownFileType = sourcecode.swift; path = CountryRow.swift; sourceTree = "<group>"; };
		1BAE46651DFAFC9500377895 /* CountryRowViewModel.swift */ = {isa = PBXFileReference; fileEncoding = 4; lastKnownFileType = sourcecode.swift; path = CountryRowViewModel.swift; sourceTree = "<group>"; };
		1BDBEAF41E3A5A1D00D8AB73 /* KWSDemo.entitlements */ = {isa = PBXFileReference; lastKnownFileType = text.plist.entitlements; path = KWSDemo.entitlements; sourceTree = "<group>"; };
		1BDC11A51D1953C900B1111A /* FeatureViewController.swift */ = {isa = PBXFileReference; fileEncoding = 4; lastKnownFileType = sourcecode.swift; path = FeatureViewController.swift; sourceTree = "<group>"; };
		1BDC11A71D1953E000B1111A /* DocumentationViewController.swift */ = {isa = PBXFileReference; fileEncoding = 4; lastKnownFileType = sourcecode.swift; path = DocumentationViewController.swift; sourceTree = "<group>"; };
		1BDC11B11D198B5600B1111A /* SF-UI-Text-Bold.otf */ = {isa = PBXFileReference; lastKnownFileType = file; path = "SF-UI-Text-Bold.otf"; sourceTree = "<group>"; };
		1BDC11B21D198B5600B1111A /* SF-UI-Text-BoldItalic.otf */ = {isa = PBXFileReference; lastKnownFileType = file; path = "SF-UI-Text-BoldItalic.otf"; sourceTree = "<group>"; };
		1BDC11B31D198B5600B1111A /* SF-UI-Text-Heavy.otf */ = {isa = PBXFileReference; lastKnownFileType = file; path = "SF-UI-Text-Heavy.otf"; sourceTree = "<group>"; };
		1BDC11B41D198B5600B1111A /* SF-UI-Text-HeavyItalic.otf */ = {isa = PBXFileReference; lastKnownFileType = file; path = "SF-UI-Text-HeavyItalic.otf"; sourceTree = "<group>"; };
		1BDC11B51D198B5600B1111A /* SF-UI-Text-Light.otf */ = {isa = PBXFileReference; lastKnownFileType = file; path = "SF-UI-Text-Light.otf"; sourceTree = "<group>"; };
		1BDC11B61D198B5600B1111A /* SF-UI-Text-LightItalic.otf */ = {isa = PBXFileReference; lastKnownFileType = file; path = "SF-UI-Text-LightItalic.otf"; sourceTree = "<group>"; };
		1BDC11B71D198B5600B1111A /* SF-UI-Text-Medium.otf */ = {isa = PBXFileReference; lastKnownFileType = file; path = "SF-UI-Text-Medium.otf"; sourceTree = "<group>"; };
		1BDC11B81D198B5600B1111A /* SF-UI-Text-MediumItalic.otf */ = {isa = PBXFileReference; lastKnownFileType = file; path = "SF-UI-Text-MediumItalic.otf"; sourceTree = "<group>"; };
		1BDC11B91D198B5600B1111A /* SF-UI-Text-Regular.otf */ = {isa = PBXFileReference; lastKnownFileType = file; path = "SF-UI-Text-Regular.otf"; sourceTree = "<group>"; };
		1BDC11BA1D198B5600B1111A /* SF-UI-Text-RegularItalic.otf */ = {isa = PBXFileReference; lastKnownFileType = file; path = "SF-UI-Text-RegularItalic.otf"; sourceTree = "<group>"; };
		1BDC11BB1D198B5600B1111A /* SF-UI-Text-Semibold.otf */ = {isa = PBXFileReference; lastKnownFileType = file; path = "SF-UI-Text-Semibold.otf"; sourceTree = "<group>"; };
		1BDC11BC1D198B5600B1111A /* SF-UI-Text-SemiboldItalic.otf */ = {isa = PBXFileReference; lastKnownFileType = file; path = "SF-UI-Text-SemiboldItalic.otf"; sourceTree = "<group>"; };
		1BDC11BD1D198B5600B1111A /* SF-UI-Text-Ultrathin.otf */ = {isa = PBXFileReference; lastKnownFileType = file; path = "SF-UI-Text-Ultrathin.otf"; sourceTree = "<group>"; };
		1BDC11BE1D198B5600B1111A /* SF-UI-Text-UltrathinItalic.otf */ = {isa = PBXFileReference; lastKnownFileType = file; path = "SF-UI-Text-UltrathinItalic.otf"; sourceTree = "<group>"; };
		1BDC11EC1D1AA3BD00B1111A /* KWSButton.swift */ = {isa = PBXFileReference; fileEncoding = 4; lastKnownFileType = sourcecode.swift; path = KWSButton.swift; sourceTree = "<group>"; };
		1BDC11F11D1AA99800B1111A /* FeatureAuthRow.swift */ = {isa = PBXFileReference; fileEncoding = 4; lastKnownFileType = sourcecode.swift; path = FeatureAuthRow.swift; sourceTree = "<group>"; };
		1BDC11F51D1AA9A400B1111A /* FeatureNotifRow.swift */ = {isa = PBXFileReference; fileEncoding = 4; lastKnownFileType = sourcecode.swift; path = FeatureNotifRow.swift; sourceTree = "<group>"; };
		1BDC11F91D1AABBD00B1111A /* KWSShadowView.swift */ = {isa = PBXFileReference; fileEncoding = 4; lastKnownFileType = sourcecode.swift; path = KWSShadowView.swift; sourceTree = "<group>"; };
		1BDC11FB1D1ABF8E00B1111A /* SignUpViewController.swift */ = {isa = PBXFileReference; fileEncoding = 4; lastKnownFileType = sourcecode.swift; path = SignUpViewController.swift; sourceTree = "<group>"; };
		1BDC11FF1D1AECC300B1111A /* KWSTextField.swift */ = {isa = PBXFileReference; fileEncoding = 4; lastKnownFileType = sourcecode.swift; path = KWSTextField.swift; sourceTree = "<group>"; };
		1BE8CEF51D8FF2A000572070 /* Localizable.strings */ = {isa = PBXFileReference; fileEncoding = 4; lastKnownFileType = text.plist.strings; path = Localizable.strings; sourceTree = "<group>"; };
		1BE8CEF81D8FF92900572070 /* en */ = {isa = PBXFileReference; lastKnownFileType = text.plist.strings; name = en; path = en.lproj/Main.strings; sourceTree = "<group>"; };
		1BE8CEFC1D90342300572070 /* KWSString.swift */ = {isa = PBXFileReference; fileEncoding = 4; lastKnownFileType = sourcecode.swift; path = KWSString.swift; sourceTree = "<group>"; };
		1FAF6549F24B287C08051DC6 /* Pods-KWSDemo_Tests.debug.xcconfig */ = {isa = PBXFileReference; includeInIndex = 1; lastKnownFileType = text.xcconfig; name = "Pods-KWSDemo_Tests.debug.xcconfig"; path = "Pods/Target Support Files/Pods-KWSDemo_Tests/Pods-KWSDemo_Tests.debug.xcconfig"; sourceTree = "<group>"; };
		3EC706827DB57F09DB5072B1 /* Pods_KWSDemo_Tests.framework */ = {isa = PBXFileReference; explicitFileType = wrapper.framework; includeInIndex = 0; path = Pods_KWSDemo_Tests.framework; sourceTree = BUILT_PRODUCTS_DIR; };
		93A5F505B115BC10E960A04B /* Pods-KWSDemo.debug.xcconfig */ = {isa = PBXFileReference; includeInIndex = 1; lastKnownFileType = text.xcconfig; name = "Pods-KWSDemo.debug.xcconfig"; path = "Pods/Target Support Files/Pods-KWSDemo/Pods-KWSDemo.debug.xcconfig"; sourceTree = "<group>"; };
		C9578FC84BF35C455E606A68 /* Pods-KWSDemo_Tests.release.xcconfig */ = {isa = PBXFileReference; includeInIndex = 1; lastKnownFileType = text.xcconfig; name = "Pods-KWSDemo_Tests.release.xcconfig"; path = "Pods/Target Support Files/Pods-KWSDemo_Tests/Pods-KWSDemo_Tests.release.xcconfig"; sourceTree = "<group>"; };
		E1E173A3EC684DF8E746E0FA /* Pods_KWSDemo.framework */ = {isa = PBXFileReference; explicitFileType = wrapper.framework; includeInIndex = 0; path = Pods_KWSDemo.framework; sourceTree = BUILT_PRODUCTS_DIR; };
/* End PBXFileReference section */

/* Begin PBXFrameworksBuildPhase section */
		1B56DFCE1D194A6200973075 /* Frameworks */ = {
			isa = PBXFrameworksBuildPhase;
			buildActionMask = 2147483647;
			files = (
				50C2AB16D0E9845AEC8E392C /* Pods_KWSDemo.framework in Frameworks */,
			);
			runOnlyForDeploymentPostprocessing = 0;
		};
		1B993B371E02FFDE00EE5001 /* Frameworks */ = {
			isa = PBXFrameworksBuildPhase;
			buildActionMask = 2147483647;
			files = (
				0AD63D16D28D44687BB84B8A /* Pods_KWSDemo_Tests.framework in Frameworks */,
			);
			runOnlyForDeploymentPostprocessing = 0;
		};
/* End PBXFrameworksBuildPhase section */

/* Begin PBXGroup section */
		1B085FF31DF810EA00986E56 /* Storyboards */ = {
			isa = PBXGroup;
			children = (
				1B56DFDD1D194A6200973075 /* LaunchScreen.storyboard */,
				1B56DFD81D194A6200973075 /* Main.storyboard */,
			);
			name = Storyboards;
			sourceTree = "<group>";
		};
		1B56DFC81D194A6200973075 = {
			isa = PBXGroup;
			children = (
				1B56DFD31D194A6200973075 /* KWSDemo */,
				1B993B3B1E02FFDE00EE5001 /* KWSDemo_Tests */,
				1B56DFD21D194A6200973075 /* Products */,
				7D15A6BFC9DD5950996A3C4E /* Pods */,
				66AA88C691664C2FF871B6E5 /* Frameworks */,
			);
			sourceTree = "<group>";
		};
		1B56DFD21D194A6200973075 /* Products */ = {
			isa = PBXGroup;
			children = (
				1B56DFD11D194A6200973075 /* KWSDemo.app */,
				1B993B3A1E02FFDE00EE5001 /* KWSDemo_Tests.xctest */,
			);
			name = Products;
			sourceTree = "<group>";
		};
		1B56DFD31D194A6200973075 /* KWSDemo */ = {
			isa = PBXGroup;
			children = (
				1BDBEAF41E3A5A1D00D8AB73 /* KWSDemo.entitlements */,
				1B085FF31DF810EA00986E56 /* Storyboards */,
				1B6392941D5B7053005FDCE2 /* Aux */,
				1BDC11EB1D1AA39300B1111A /* Styles */,
				1BDC11B01D198B3900B1111A /* Assets */,
				1B56DFE81D194B4700973075 /* Meta */,
				1B56DFE71D194B3800973075 /* Controllers */,
				1B56DFE61D194B3400973075 /* Delegate */,
			);
			path = KWSDemo;
			sourceTree = "<group>";
		};
		1B56DFE61D194B3400973075 /* Delegate */ = {
			isa = PBXGroup;
			children = (
				1B56DFD41D194A6200973075 /* AppDelegate.swift */,
			);
			name = Delegate;
			sourceTree = "<group>";
		};
		1B56DFE71D194B3800973075 /* Controllers */ = {
			isa = PBXGroup;
			children = (
				1B68752C1F054672003FC719 /* Main */,
				1B7AD5901D5CA657003400B4 /* Features */,
				1B7AD58E1D5CA644003400B4 /* Documentation */,
				1B7AD58D1D5CA637003400B4 /* Platform */,
				1BAE46601DFAF74C00377895 /* Country */,
				1B7AD58F1D5CA64F003400B4 /* SignUp */,
				1BAE465B1DFAE6EA00377895 /* Login */,
				1BA9F0E71D783CD3002150A7 /* GetAppData */,
				1BA9F0E61D783CC9002150A7 /* SetAppData */,
				1B7AD58A1D5CA4C6003400B4 /* Leaderboard */,
				1B7AD5851D5CA12D003400B4 /* UserDetails */,
			);
			name = Controllers;
			sourceTree = "<group>";
		};
		1B56DFE81D194B4700973075 /* Meta */ = {
			isa = PBXGroup;
			children = (
				1B92FD0B1D228F7000B75617 /* GoogleService-Info.plist */,
				1B56DFE01D194A6200973075 /* Info.plist */,
				1B56DFE91D194B6700973075 /* KWSDemo-Bridging-Header.h */,
			);
			name = Meta;
			sourceTree = "<group>";
		};
		1B6392941D5B7053005FDCE2 /* Aux */ = {
			isa = PBXGroup;
			children = (
				1B7AD5951D5CB074003400B4 /* ViewModel.swift */,
				1B085FF91DF96B6100986E56 /* RxKWS.swift */,
				1B4298DB1DFABD19008F9FFF /* RxDataSource.swift */,
			);
			name = Aux;
			sourceTree = "<group>";
		};
		1B68752C1F054672003FC719 /* Main */ = {
			isa = PBXGroup;
			children = (
				1B68752D1F05467F003FC719 /* MainController.swift */,
			);
			name = Main;
			sourceTree = "<group>";
		};
		1B7AD5851D5CA12D003400B4 /* UserDetails */ = {
			isa = PBXGroup;
			children = (
				1B6392A11D5B72E5005FDCE2 /* UserHeader.swift */,
				1B7AD5911D5CADD4003400B4 /* UserHeaderViewModel.swift */,
				1B6392A51D5B72F1005FDCE2 /* UserRow.swift */,
				1B7AD5931D5CADDD003400B4 /* UserRowViewModel.swift */,
				1B92FCDC1D218BEA00B75617 /* UserViewController.swift */,
			);
			name = UserDetails;
			sourceTree = "<group>";
		};
		1B7AD58A1D5CA4C6003400B4 /* Leaderboard */ = {
			isa = PBXGroup;
			children = (
				1B7AD5991D5CB7DA003400B4 /* LeaderHeader.swift */,
				1B7AD59B1D5CB9A4003400B4 /* LeaderHeaderViewModel.swift */,
				1B6392B61D5C78F1005FDCE2 /* LeaderRow.swift */,
				1B7AD5971D5CB563003400B4 /* LeaderRowViewModel.swift */,
				1B6392B41D5C768B005FDCE2 /* LeaderViewController.swift */,
			);
			name = Leaderboard;
			sourceTree = "<group>";
		};
		1B7AD58D1D5CA637003400B4 /* Platform */ = {
			isa = PBXGroup;
			children = (
				1B56DFD61D194A6200973075 /* PlatformViewController.swift */,
			);
			name = Platform;
			sourceTree = "<group>";
		};
		1B7AD58E1D5CA644003400B4 /* Documentation */ = {
			isa = PBXGroup;
			children = (
				1BDC11A71D1953E000B1111A /* DocumentationViewController.swift */,
			);
			name = Documentation;
			sourceTree = "<group>";
		};
		1B7AD58F1D5CA64F003400B4 /* SignUp */ = {
			isa = PBXGroup;
			children = (
				1B085FFF1DF9C28F00986E56 /* SignUpModel.swift */,
				1BDC11FB1D1ABF8E00B1111A /* SignUpViewController.swift */,
			);
			name = SignUp;
			sourceTree = "<group>";
		};
		1B7AD5901D5CA657003400B4 /* Features */ = {
			isa = PBXGroup;
			children = (
				1BDC11F11D1AA99800B1111A /* FeatureAuthRow.swift */,
				1B64639E1D5CCADA00FB81FD /* FeatureAuthViewModel.swift */,
				1BDC11F51D1AA9A400B1111A /* FeatureNotifRow.swift */,
				1B6463A01D5CCAE400FB81FD /* FeatureNotifViewModel.swift */,
				1B6392A91D5B92A3005FDCE2 /* FeaturePermRow.swift */,
				1B6463A21D5CCAF000FB81FD /* FeaturePermViewModel.swift */,
				1B6392B21D5C7386005FDCE2 /* FeatureEventRow.swift */,
				1B6463A41D5CCAFE00FB81FD /* FeatureEventViewModel.swift */,
				1BA9F0DE1D78336C002150A7 /* FeatureInviteRow.swift */,
				1BA9F0E01D783478002150A7 /* FeatureInviteViewModel.swift */,
				1BA9F0E21D783893002150A7 /* FeatureAppDataRow.swift */,
				1BA9F0E41D78390D002150A7 /* FeatureAppDataViewModel.swift */,
				1BDC11A51D1953C900B1111A /* FeatureViewController.swift */,
			);
			name = Features;
			sourceTree = "<group>";
		};
		1B993B3B1E02FFDE00EE5001 /* KWSDemo_Tests */ = {
			isa = PBXGroup;
			children = (
				1B993B3C1E02FFDE00EE5001 /* KWSDemo_Tests.swift */,
				1B993B3E1E02FFDE00EE5001 /* Info.plist */,
			);
			path = KWSDemo_Tests;
			sourceTree = "<group>";
		};
		1BA9F0E61D783CC9002150A7 /* SetAppData */ = {
			isa = PBXGroup;
			children = (
				1BA9F0F21D784EA4002150A7 /* SetAppDataModel.swift */,
				1BA9F0F01D78442A002150A7 /* SetAppDataController.swift */,
			);
			name = SetAppData;
			sourceTree = "<group>";
		};
		1BA9F0E71D783CD3002150A7 /* GetAppData */ = {
			isa = PBXGroup;
			children = (
				1BA9F0EA1D783FC3002150A7 /* GetAppDataRow.swift */,
				1BA9F0EC1D783FCE002150A7 /* GetAppDataViewModel.swift */,
				1BA9F0E81D783CF0002150A7 /* GetAppDataController.swift */,
			);
			name = GetAppData;
			sourceTree = "<group>";
		};
		1BAE465B1DFAE6EA00377895 /* Login */ = {
			isa = PBXGroup;
			children = (
				1BAE465E1DFAE71800377895 /* LoginModel.swift */,
				1BAE465C1DFAE70000377895 /* LoginController.swift */,
			);
			name = Login;
			sourceTree = "<group>";
		};
		1BAE46601DFAF74C00377895 /* Country */ = {
			isa = PBXGroup;
			children = (
				1BAE46631DFAFC8300377895 /* CountryRow.swift */,
				1BAE46651DFAFC9500377895 /* CountryRowViewModel.swift */,
				1BAE46611DFAF75B00377895 /* CountryController.swift */,
			);
			name = Country;
			sourceTree = "<group>";
		};
		1BDC11B01D198B3900B1111A /* Assets */ = {
			isa = PBXGroup;
			children = (
				1B56DFDB1D194A6200973075 /* Assets.xcassets */,
				1BE8CEF51D8FF2A000572070 /* Localizable.strings */,
				1BDC11B11D198B5600B1111A /* SF-UI-Text-Bold.otf */,
				1BDC11B21D198B5600B1111A /* SF-UI-Text-BoldItalic.otf */,
				1BDC11B31D198B5600B1111A /* SF-UI-Text-Heavy.otf */,
				1BDC11B41D198B5600B1111A /* SF-UI-Text-HeavyItalic.otf */,
				1BDC11B51D198B5600B1111A /* SF-UI-Text-Light.otf */,
				1BDC11B61D198B5600B1111A /* SF-UI-Text-LightItalic.otf */,
				1BDC11B71D198B5600B1111A /* SF-UI-Text-Medium.otf */,
				1BDC11B81D198B5600B1111A /* SF-UI-Text-MediumItalic.otf */,
				1BDC11B91D198B5600B1111A /* SF-UI-Text-Regular.otf */,
				1BDC11BA1D198B5600B1111A /* SF-UI-Text-RegularItalic.otf */,
				1BDC11BB1D198B5600B1111A /* SF-UI-Text-Semibold.otf */,
				1BDC11BC1D198B5600B1111A /* SF-UI-Text-SemiboldItalic.otf */,
				1BDC11BD1D198B5600B1111A /* SF-UI-Text-Ultrathin.otf */,
				1BDC11BE1D198B5600B1111A /* SF-UI-Text-UltrathinItalic.otf */,
			);
			name = Assets;
			sourceTree = "<group>";
		};
		1BDC11EB1D1AA39300B1111A /* Styles */ = {
			isa = PBXGroup;
			children = (
				1B68752F1F054793003FC719 /* KWSNavigationController.swift */,
				1B085FFB1DF9A44800986E56 /* KWSBaseController.swift */,
				1BDC11EC1D1AA3BD00B1111A /* KWSButton.swift */,
				1BDC11F91D1AABBD00B1111A /* KWSShadowView.swift */,
				1BDC11FF1D1AECC300B1111A /* KWSTextField.swift */,
				1BE8CEFC1D90342300572070 /* KWSString.swift */,
			);
			name = Styles;
			sourceTree = "<group>";
		};
		66AA88C691664C2FF871B6E5 /* Frameworks */ = {
			isa = PBXGroup;
			children = (
				E1E173A3EC684DF8E746E0FA /* Pods_KWSDemo.framework */,
				3EC706827DB57F09DB5072B1 /* Pods_KWSDemo_Tests.framework */,
			);
			name = Frameworks;
			sourceTree = "<group>";
		};
		7D15A6BFC9DD5950996A3C4E /* Pods */ = {
			isa = PBXGroup;
			children = (
				93A5F505B115BC10E960A04B /* Pods-KWSDemo.debug.xcconfig */,
				00F9BF47BF8D68AB13BC322F /* Pods-KWSDemo.release.xcconfig */,
				1FAF6549F24B287C08051DC6 /* Pods-KWSDemo_Tests.debug.xcconfig */,
				C9578FC84BF35C455E606A68 /* Pods-KWSDemo_Tests.release.xcconfig */,
			);
			name = Pods;
			sourceTree = "<group>";
		};
/* End PBXGroup section */

/* Begin PBXNativeTarget section */
		1B56DFD01D194A6200973075 /* KWSDemo */ = {
			isa = PBXNativeTarget;
			buildConfigurationList = 1B56DFE31D194A6200973075 /* Build configuration list for PBXNativeTarget "KWSDemo" */;
			buildPhases = (
				48354C46E2C6F2CAF6098DE4 /* [CP] Check Pods Manifest.lock */,
				1B56DFCD1D194A6200973075 /* Sources */,
				1B56DFCE1D194A6200973075 /* Frameworks */,
				1B56DFCF1D194A6200973075 /* Resources */,
				987CD2C50AAE8FA926CD3813 /* [CP] Embed Pods Frameworks */,
				958F8D6555723AC25C172C81 /* [CP] Copy Pods Resources */,
			);
			buildRules = (
			);
			dependencies = (
			);
			name = KWSDemo;
			productName = KWSDemo;
			productReference = 1B56DFD11D194A6200973075 /* KWSDemo.app */;
			productType = "com.apple.product-type.application";
		};
		1B993B391E02FFDE00EE5001 /* KWSDemo_Tests */ = {
			isa = PBXNativeTarget;
			buildConfigurationList = 1B993B431E02FFDE00EE5001 /* Build configuration list for PBXNativeTarget "KWSDemo_Tests" */;
			buildPhases = (
				36B85B40FA345709A4E170FD /* [CP] Check Pods Manifest.lock */,
				1B993B361E02FFDE00EE5001 /* Sources */,
				1B993B371E02FFDE00EE5001 /* Frameworks */,
				1B993B381E02FFDE00EE5001 /* Resources */,
				DDDD7BFAFD1EF326297708AF /* [CP] Embed Pods Frameworks */,
				2F59CA1637DC68A1A1694814 /* [CP] Copy Pods Resources */,
			);
			buildRules = (
			);
			dependencies = (
				1B993B401E02FFDE00EE5001 /* PBXTargetDependency */,
			);
			name = KWSDemo_Tests;
			productName = KWSDemo_Tests;
			productReference = 1B993B3A1E02FFDE00EE5001 /* KWSDemo_Tests.xctest */;
			productType = "com.apple.product-type.bundle.unit-test";
		};
/* End PBXNativeTarget section */

/* Begin PBXProject section */
		1B56DFC91D194A6200973075 /* Project object */ = {
			isa = PBXProject;
			attributes = {
				LastSwiftUpdateCheck = 0800;
				LastUpgradeCheck = 0800;
				ORGANIZATIONNAME = "Gabriel Coman";
				TargetAttributes = {
					1B56DFD01D194A6200973075 = {
						CreatedOnToolsVersion = 7.3.1;
						DevelopmentTeam = DCC9L689QJ;
						LastSwiftMigration = 0800;
						ProvisioningStyle = Automatic;
						SystemCapabilities = {
							com.apple.BackgroundModes = {
								enabled = 1;
							};
							com.apple.Push = {
								enabled = 1;
							};
						};
					};
					1B993B391E02FFDE00EE5001 = {
						CreatedOnToolsVersion = 8.0;
						ProvisioningStyle = Automatic;
						TestTargetID = 1B56DFD01D194A6200973075;
					};
				};
			};
			buildConfigurationList = 1B56DFCC1D194A6200973075 /* Build configuration list for PBXProject "KWSDemo" */;
			compatibilityVersion = "Xcode 3.2";
			developmentRegion = English;
			hasScannedForEncodings = 0;
			knownRegions = (
				en,
				Base,
			);
			mainGroup = 1B56DFC81D194A6200973075;
			productRefGroup = 1B56DFD21D194A6200973075 /* Products */;
			projectDirPath = "";
			projectRoot = "";
			targets = (
				1B56DFD01D194A6200973075 /* KWSDemo */,
				1B993B391E02FFDE00EE5001 /* KWSDemo_Tests */,
			);
		};
/* End PBXProject section */

/* Begin PBXResourcesBuildPhase section */
		1B56DFCF1D194A6200973075 /* Resources */ = {
			isa = PBXResourcesBuildPhase;
			buildActionMask = 2147483647;
			files = (
				1BDC11C91D198B5600B1111A /* SF-UI-Text-Semibold.otf in Resources */,
				1B56DFDF1D194A6200973075 /* LaunchScreen.storyboard in Resources */,
				1B56DFDC1D194A6200973075 /* Assets.xcassets in Resources */,
				1BDC11C71D198B5600B1111A /* SF-UI-Text-Regular.otf in Resources */,
				1BDC11BF1D198B5600B1111A /* SF-UI-Text-Bold.otf in Resources */,
				1BDC11C11D198B5600B1111A /* SF-UI-Text-Heavy.otf in Resources */,
				1BDC11C21D198B5600B1111A /* SF-UI-Text-HeavyItalic.otf in Resources */,
				1BDC11C01D198B5600B1111A /* SF-UI-Text-BoldItalic.otf in Resources */,
				1BDC11C31D198B5600B1111A /* SF-UI-Text-Light.otf in Resources */,
				1BDC11C41D198B5600B1111A /* SF-UI-Text-LightItalic.otf in Resources */,
				1BDC11C51D198B5600B1111A /* SF-UI-Text-Medium.otf in Resources */,
				1B56DFDA1D194A6200973075 /* Main.storyboard in Resources */,
				1BDC11CA1D198B5600B1111A /* SF-UI-Text-SemiboldItalic.otf in Resources */,
				1BDC11CC1D198B5600B1111A /* SF-UI-Text-UltrathinItalic.otf in Resources */,
				1BDC11CB1D198B5600B1111A /* SF-UI-Text-Ultrathin.otf in Resources */,
				1B92FD0C1D228F7000B75617 /* GoogleService-Info.plist in Resources */,
				1BE8CEF61D8FF2A000572070 /* Localizable.strings in Resources */,
				1BDC11C81D198B5600B1111A /* SF-UI-Text-RegularItalic.otf in Resources */,
				1BDC11C61D198B5600B1111A /* SF-UI-Text-MediumItalic.otf in Resources */,
			);
			runOnlyForDeploymentPostprocessing = 0;
		};
		1B993B381E02FFDE00EE5001 /* Resources */ = {
			isa = PBXResourcesBuildPhase;
			buildActionMask = 2147483647;
			files = (
			);
			runOnlyForDeploymentPostprocessing = 0;
		};
/* End PBXResourcesBuildPhase section */

/* Begin PBXShellScriptBuildPhase section */
		2F59CA1637DC68A1A1694814 /* [CP] Copy Pods Resources */ = {
			isa = PBXShellScriptBuildPhase;
			buildActionMask = 2147483647;
			files = (
			);
			inputPaths = (
			);
			name = "[CP] Copy Pods Resources";
			outputPaths = (
			);
			runOnlyForDeploymentPostprocessing = 0;
			shellPath = /bin/sh;
			shellScript = "\"${SRCROOT}/Pods/Target Support Files/Pods-KWSDemo_Tests/Pods-KWSDemo_Tests-resources.sh\"\n";
			showEnvVarsInLog = 0;
		};
		36B85B40FA345709A4E170FD /* [CP] Check Pods Manifest.lock */ = {
			isa = PBXShellScriptBuildPhase;
			buildActionMask = 2147483647;
			files = (
			);
			inputPaths = (
			);
			name = "[CP] Check Pods Manifest.lock";
			outputPaths = (
			);
			runOnlyForDeploymentPostprocessing = 0;
			shellPath = /bin/sh;
			shellScript = "diff \"${PODS_PODFILE_DIR_PATH}/Podfile.lock\" \"${PODS_ROOT}/Manifest.lock\" > /dev/null\nif [ $? != 0 ] ; then\n    # print error to STDERR\n    echo \"error: The sandbox is not in sync with the Podfile.lock. Run 'pod install' or update your CocoaPods installation.\" >&2\n    exit 1\nfi\n";
			showEnvVarsInLog = 0;
		};
		48354C46E2C6F2CAF6098DE4 /* [CP] Check Pods Manifest.lock */ = {
			isa = PBXShellScriptBuildPhase;
			buildActionMask = 2147483647;
			files = (
			);
			inputPaths = (
			);
			name = "[CP] Check Pods Manifest.lock";
			outputPaths = (
			);
			runOnlyForDeploymentPostprocessing = 0;
			shellPath = /bin/sh;
			shellScript = "diff \"${PODS_PODFILE_DIR_PATH}/Podfile.lock\" \"${PODS_ROOT}/Manifest.lock\" > /dev/null\nif [ $? != 0 ] ; then\n    # print error to STDERR\n    echo \"error: The sandbox is not in sync with the Podfile.lock. Run 'pod install' or update your CocoaPods installation.\" >&2\n    exit 1\nfi\n";
			showEnvVarsInLog = 0;
		};
		958F8D6555723AC25C172C81 /* [CP] Copy Pods Resources */ = {
			isa = PBXShellScriptBuildPhase;
			buildActionMask = 2147483647;
			files = (
			);
			inputPaths = (
			);
			name = "[CP] Copy Pods Resources";
			outputPaths = (
			);
			runOnlyForDeploymentPostprocessing = 0;
			shellPath = /bin/sh;
			shellScript = "\"${SRCROOT}/Pods/Target Support Files/Pods-KWSDemo/Pods-KWSDemo-resources.sh\"\n";
			showEnvVarsInLog = 0;
		};
		987CD2C50AAE8FA926CD3813 /* [CP] Embed Pods Frameworks */ = {
			isa = PBXShellScriptBuildPhase;
			buildActionMask = 2147483647;
			files = (
			);
			inputPaths = (
			);
			name = "[CP] Embed Pods Frameworks";
			outputPaths = (
			);
			runOnlyForDeploymentPostprocessing = 0;
			shellPath = /bin/sh;
			shellScript = "\"${SRCROOT}/Pods/Target Support Files/Pods-KWSDemo/Pods-KWSDemo-frameworks.sh\"\n";
			showEnvVarsInLog = 0;
		};
		DDDD7BFAFD1EF326297708AF /* [CP] Embed Pods Frameworks */ = {
			isa = PBXShellScriptBuildPhase;
			buildActionMask = 2147483647;
			files = (
			);
			inputPaths = (
			);
			name = "[CP] Embed Pods Frameworks";
			outputPaths = (
			);
			runOnlyForDeploymentPostprocessing = 0;
			shellPath = /bin/sh;
			shellScript = "\"${SRCROOT}/Pods/Target Support Files/Pods-KWSDemo_Tests/Pods-KWSDemo_Tests-frameworks.sh\"\n";
			showEnvVarsInLog = 0;
		};
/* End PBXShellScriptBuildPhase section */

/* Begin PBXSourcesBuildPhase section */
		1B56DFCD1D194A6200973075 /* Sources */ = {
			isa = PBXSourcesBuildPhase;
			buildActionMask = 2147483647;
			files = (
				1BAE46661DFAFC9500377895 /* CountryRowViewModel.swift in Sources */,
				1B6875301F054793003FC719 /* KWSNavigationController.swift in Sources */,
				1BA9F0F11D78442A002150A7 /* SetAppDataController.swift in Sources */,
				1BDC11FC1D1ABF8E00B1111A /* SignUpViewController.swift in Sources */,
				1BA9F0EB1D783FC3002150A7 /* GetAppDataRow.swift in Sources */,
				1B7AD5941D5CADDD003400B4 /* UserRowViewModel.swift in Sources */,
				1BA9F0DF1D78336C002150A7 /* FeatureInviteRow.swift in Sources */,
				1B6392AB1D5B92A3005FDCE2 /* FeaturePermRow.swift in Sources */,
				1B7AD5981D5CB563003400B4 /* LeaderRowViewModel.swift in Sources */,
				1BAE465F1DFAE71800377895 /* LoginModel.swift in Sources */,
				1BDC11FA1D1AABBD00B1111A /* KWSShadowView.swift in Sources */,
				1B085FFC1DF9A44800986E56 /* KWSBaseController.swift in Sources */,
				1B6463A11D5CCAE400FB81FD /* FeatureNotifViewModel.swift in Sources */,
				1B7AD5961D5CB074003400B4 /* ViewModel.swift in Sources */,
				1B0860001DF9C28F00986E56 /* SignUpModel.swift in Sources */,
				1B7AD59A1D5CB7DA003400B4 /* LeaderHeader.swift in Sources */,
				1BAE46641DFAFC8300377895 /* CountryRow.swift in Sources */,
				1BE8CEFD1D90342300572070 /* KWSString.swift in Sources */,
				1BA9F0E51D78390D002150A7 /* FeatureAppDataViewModel.swift in Sources */,
				1BA9F0E91D783CF0002150A7 /* GetAppDataController.swift in Sources */,
				1B6392A31D5B72E5005FDCE2 /* UserHeader.swift in Sources */,
				1B4298DC1DFABD19008F9FFF /* RxDataSource.swift in Sources */,
				1BDC11A61D1953C900B1111A /* FeatureViewController.swift in Sources */,
				1B6392B51D5C768B005FDCE2 /* LeaderViewController.swift in Sources */,
				1B085FFA1DF96B6100986E56 /* RxKWS.swift in Sources */,
				1B56DFD71D194A6200973075 /* PlatformViewController.swift in Sources */,
				1B6392A71D5B72F1005FDCE2 /* UserRow.swift in Sources */,
				1B6463A31D5CCAF000FB81FD /* FeaturePermViewModel.swift in Sources */,
				1B6392B71D5C78F1005FDCE2 /* LeaderRow.swift in Sources */,
				1B7AD5921D5CADD4003400B4 /* UserHeaderViewModel.swift in Sources */,
				1BA9F0E11D783478002150A7 /* FeatureInviteViewModel.swift in Sources */,
				1BDC11F71D1AA9A400B1111A /* FeatureNotifRow.swift in Sources */,
				1B56DFD51D194A6200973075 /* AppDelegate.swift in Sources */,
				1BDC11A81D1953E000B1111A /* DocumentationViewController.swift in Sources */,
				1BA9F0E31D783893002150A7 /* FeatureAppDataRow.swift in Sources */,
				1BA9F0F31D784EA4002150A7 /* SetAppDataModel.swift in Sources */,
				1B7AD59C1D5CB9A4003400B4 /* LeaderHeaderViewModel.swift in Sources */,
				1B6392B31D5C7386005FDCE2 /* FeatureEventRow.swift in Sources */,
				1BA9F0ED1D783FCE002150A7 /* GetAppDataViewModel.swift in Sources */,
				1BDC11ED1D1AA3BD00B1111A /* KWSButton.swift in Sources */,
				1B92FCDD1D218BEA00B75617 /* UserViewController.swift in Sources */,
				1BAE46621DFAF75B00377895 /* CountryController.swift in Sources */,
				1BDC11F31D1AA99800B1111A /* FeatureAuthRow.swift in Sources */,
				1BDC12001D1AECC300B1111A /* KWSTextField.swift in Sources */,
				1B6463A51D5CCAFE00FB81FD /* FeatureEventViewModel.swift in Sources */,
				1B64639F1D5CCADA00FB81FD /* FeatureAuthViewModel.swift in Sources */,
				1B68752E1F05467F003FC719 /* MainController.swift in Sources */,
				1BAE465D1DFAE70000377895 /* LoginController.swift in Sources */,
			);
			runOnlyForDeploymentPostprocessing = 0;
		};
		1B993B361E02FFDE00EE5001 /* Sources */ = {
			isa = PBXSourcesBuildPhase;
			buildActionMask = 2147483647;
			files = (
				1B993B3D1E02FFDE00EE5001 /* KWSDemo_Tests.swift in Sources */,
			);
			runOnlyForDeploymentPostprocessing = 0;
		};
/* End PBXSourcesBuildPhase section */

/* Begin PBXTargetDependency section */
		1B993B401E02FFDE00EE5001 /* PBXTargetDependency */ = {
			isa = PBXTargetDependency;
			target = 1B56DFD01D194A6200973075 /* KWSDemo */;
			targetProxy = 1B993B3F1E02FFDE00EE5001 /* PBXContainerItemProxy */;
		};
/* End PBXTargetDependency section */

/* Begin PBXVariantGroup section */
		1B56DFD81D194A6200973075 /* Main.storyboard */ = {
			isa = PBXVariantGroup;
			children = (
				1B56DFD91D194A6200973075 /* Base */,
				1BE8CEF81D8FF92900572070 /* en */,
			);
			name = Main.storyboard;
			sourceTree = "<group>";
		};
		1B56DFDD1D194A6200973075 /* LaunchScreen.storyboard */ = {
			isa = PBXVariantGroup;
			children = (
				1B56DFDE1D194A6200973075 /* Base */,
			);
			name = LaunchScreen.storyboard;
			sourceTree = "<group>";
		};
/* End PBXVariantGroup section */

/* Begin XCBuildConfiguration section */
		1B56DFE11D194A6200973075 /* Debug */ = {
			isa = XCBuildConfiguration;
			buildSettings = {
				ALWAYS_SEARCH_USER_PATHS = NO;
				CLANG_ANALYZER_NONNULL = YES;
				CLANG_CXX_LANGUAGE_STANDARD = "gnu++0x";
				CLANG_CXX_LIBRARY = "libc++";
				CLANG_ENABLE_MODULES = YES;
				CLANG_ENABLE_OBJC_ARC = YES;
				CLANG_WARN_BOOL_CONVERSION = YES;
				CLANG_WARN_CONSTANT_CONVERSION = YES;
				CLANG_WARN_DIRECT_OBJC_ISA_USAGE = YES_ERROR;
				CLANG_WARN_EMPTY_BODY = YES;
				CLANG_WARN_ENUM_CONVERSION = YES;
				CLANG_WARN_INFINITE_RECURSION = YES;
				CLANG_WARN_INT_CONVERSION = YES;
				CLANG_WARN_OBJC_ROOT_CLASS = YES_ERROR;
				CLANG_WARN_SUSPICIOUS_MOVE = YES;
				CLANG_WARN_UNREACHABLE_CODE = YES;
				CLANG_WARN__DUPLICATE_METHOD_MATCH = YES;
				CODE_SIGN_IDENTITY = "iPhone Distribution: SuperAwesome Ltd (DCC9L689QJ)";
				"CODE_SIGN_IDENTITY[sdk=iphoneos*]" = "iPhone Distribution: SuperAwesome Ltd (DCC9L689QJ)";
				COPY_PHASE_STRIP = NO;
				DEBUG_INFORMATION_FORMAT = dwarf;
				ENABLE_BITCODE = NO;
				ENABLE_STRICT_OBJC_MSGSEND = YES;
				ENABLE_TESTABILITY = YES;
				GCC_C_LANGUAGE_STANDARD = gnu99;
				GCC_DYNAMIC_NO_PIC = NO;
				GCC_NO_COMMON_BLOCKS = YES;
				GCC_OPTIMIZATION_LEVEL = 0;
				GCC_PREPROCESSOR_DEFINITIONS = (
					"DEBUG=1",
					"$(inherited)",
				);
				GCC_WARN_64_TO_32_BIT_CONVERSION = YES;
				GCC_WARN_ABOUT_RETURN_TYPE = YES_ERROR;
				GCC_WARN_UNDECLARED_SELECTOR = YES;
				GCC_WARN_UNINITIALIZED_AUTOS = YES_AGGRESSIVE;
				GCC_WARN_UNUSED_FUNCTION = YES;
				GCC_WARN_UNUSED_VARIABLE = YES;
				IPHONEOS_DEPLOYMENT_TARGET = 10.0;
				MTL_ENABLE_DEBUG_INFO = YES;
				ONLY_ACTIVE_ARCH = YES;
				PROVISIONING_PROFILE = "250cb52e-a609-43a8-867c-86a340b88213";
				SDKROOT = iphoneos;
				SWIFT_OPTIMIZATION_LEVEL = "-Onone";
				TARGETED_DEVICE_FAMILY = "1,2";
			};
			name = Debug;
		};
		1B56DFE21D194A6200973075 /* Release */ = {
			isa = XCBuildConfiguration;
			buildSettings = {
				ALWAYS_SEARCH_USER_PATHS = NO;
				CLANG_ANALYZER_NONNULL = YES;
				CLANG_CXX_LANGUAGE_STANDARD = "gnu++0x";
				CLANG_CXX_LIBRARY = "libc++";
				CLANG_ENABLE_MODULES = YES;
				CLANG_ENABLE_OBJC_ARC = YES;
				CLANG_WARN_BOOL_CONVERSION = YES;
				CLANG_WARN_CONSTANT_CONVERSION = YES;
				CLANG_WARN_DIRECT_OBJC_ISA_USAGE = YES_ERROR;
				CLANG_WARN_EMPTY_BODY = YES;
				CLANG_WARN_ENUM_CONVERSION = YES;
				CLANG_WARN_INFINITE_RECURSION = YES;
				CLANG_WARN_INT_CONVERSION = YES;
				CLANG_WARN_OBJC_ROOT_CLASS = YES_ERROR;
				CLANG_WARN_SUSPICIOUS_MOVE = YES;
				CLANG_WARN_UNREACHABLE_CODE = YES;
				CLANG_WARN__DUPLICATE_METHOD_MATCH = YES;
				CODE_SIGN_IDENTITY = "iPhone Distribution: SuperAwesome Ltd (DCC9L689QJ)";
				"CODE_SIGN_IDENTITY[sdk=iphoneos*]" = "iPhone Distribution: SuperAwesome Ltd (DCC9L689QJ)";
				COPY_PHASE_STRIP = NO;
				DEBUG_INFORMATION_FORMAT = "dwarf-with-dsym";
				ENABLE_BITCODE = NO;
				ENABLE_NS_ASSERTIONS = NO;
				ENABLE_STRICT_OBJC_MSGSEND = YES;
				GCC_C_LANGUAGE_STANDARD = gnu99;
				GCC_NO_COMMON_BLOCKS = YES;
				GCC_WARN_64_TO_32_BIT_CONVERSION = YES;
				GCC_WARN_ABOUT_RETURN_TYPE = YES_ERROR;
				GCC_WARN_UNDECLARED_SELECTOR = YES;
				GCC_WARN_UNINITIALIZED_AUTOS = YES_AGGRESSIVE;
				GCC_WARN_UNUSED_FUNCTION = YES;
				GCC_WARN_UNUSED_VARIABLE = YES;
				IPHONEOS_DEPLOYMENT_TARGET = 10.0;
				MTL_ENABLE_DEBUG_INFO = NO;
				PROVISIONING_PROFILE = "250cb52e-a609-43a8-867c-86a340b88213";
				SDKROOT = iphoneos;
				SWIFT_OPTIMIZATION_LEVEL = "-Owholemodule";
				TARGETED_DEVICE_FAMILY = "1,2";
				VALIDATE_PRODUCT = YES;
			};
			name = Release;
		};
		1B56DFE41D194A6200973075 /* Debug */ = {
			isa = XCBuildConfiguration;
			baseConfigurationReference = 93A5F505B115BC10E960A04B /* Pods-KWSDemo.debug.xcconfig */;
			buildSettings = {
				ASSETCATALOG_COMPILER_APPICON_NAME = AppIcon;
				CLANG_ENABLE_MODULES = YES;
				CODE_SIGN_ENTITLEMENTS = KWSDemo/KWSDemo.entitlements;
				CODE_SIGN_IDENTITY = "iPhone Distribution: SuperAwesome Ltd (DCC9L689QJ)";
				"CODE_SIGN_IDENTITY[sdk=iphoneos*]" = "iPhone Developer";
				DEVELOPMENT_TEAM = DCC9L689QJ;
				INFOPLIST_FILE = KWSDemo/Info.plist;
				IPHONEOS_DEPLOYMENT_TARGET = 9.0;
				LD_RUNPATH_SEARCH_PATHS = "$(inherited) @executable_path/Frameworks";
				PRODUCT_BUNDLE_IDENTIFIER = superawesome.tv.kwsdemoapp;
				PRODUCT_NAME = "$(TARGET_NAME)";
				PROVISIONING_PROFILE = "";
				PROVISIONING_PROFILE_SPECIFIER = "";
				SWIFT_OBJC_BRIDGING_HEADER = "KWSDemo/KWSDemo-Bridging-Header.h";
				SWIFT_OPTIMIZATION_LEVEL = "-Onone";
				SWIFT_VERSION = 3.0;
				TARGETED_DEVICE_FAMILY = 1;
			};
			name = Debug;
		};
		1B56DFE51D194A6200973075 /* Release */ = {
			isa = XCBuildConfiguration;
			baseConfigurationReference = 00F9BF47BF8D68AB13BC322F /* Pods-KWSDemo.release.xcconfig */;
			buildSettings = {
				ASSETCATALOG_COMPILER_APPICON_NAME = AppIcon;
				CLANG_ENABLE_MODULES = YES;
				CODE_SIGN_ENTITLEMENTS = KWSDemo/KWSDemo.entitlements;
				CODE_SIGN_IDENTITY = "iPhone Distribution: SuperAwesome Ltd (DCC9L689QJ)";
				"CODE_SIGN_IDENTITY[sdk=iphoneos*]" = "iPhone Developer";
				DEVELOPMENT_TEAM = DCC9L689QJ;
				INFOPLIST_FILE = KWSDemo/Info.plist;
				IPHONEOS_DEPLOYMENT_TARGET = 9.0;
				LD_RUNPATH_SEARCH_PATHS = "$(inherited) @executable_path/Frameworks";
				PRODUCT_BUNDLE_IDENTIFIER = superawesome.tv.kwsdemoapp;
				PRODUCT_NAME = "$(TARGET_NAME)";
				PROVISIONING_PROFILE = "";
				PROVISIONING_PROFILE_SPECIFIER = "";
				SWIFT_OBJC_BRIDGING_HEADER = "KWSDemo/KWSDemo-Bridging-Header.h";
				SWIFT_VERSION = 3.0;
				TARGETED_DEVICE_FAMILY = 1;
			};
			name = Release;
		};
		1B993B411E02FFDE00EE5001 /* Debug */ = {
			isa = XCBuildConfiguration;
			baseConfigurationReference = 1FAF6549F24B287C08051DC6 /* Pods-KWSDemo_Tests.debug.xcconfig */;
			buildSettings = {
				BUNDLE_LOADER = "$(TEST_HOST)";
				CLANG_WARN_DOCUMENTATION_COMMENTS = YES;
				CLANG_WARN_SUSPICIOUS_MOVES = YES;
				"CODE_SIGN_IDENTITY[sdk=iphoneos*]" = "iPhone Developer";
				INFOPLIST_FILE = KWSDemo_Tests/Info.plist;
				LD_RUNPATH_SEARCH_PATHS = "$(inherited) @executable_path/Frameworks @loader_path/Frameworks";
				PRODUCT_BUNDLE_IDENTIFIER = "tv.superawesome.KWSDemo-Tests";
				PRODUCT_NAME = "$(TARGET_NAME)";
				SWIFT_ACTIVE_COMPILATION_CONDITIONS = DEBUG;
				SWIFT_VERSION = 3.0;
				TEST_HOST = "$(BUILT_PRODUCTS_DIR)/KWSDemo.app/KWSDemo";
			};
			name = Debug;
		};
		1B993B421E02FFDE00EE5001 /* Release */ = {
			isa = XCBuildConfiguration;
			baseConfigurationReference = C9578FC84BF35C455E606A68 /* Pods-KWSDemo_Tests.release.xcconfig */;
			buildSettings = {
				BUNDLE_LOADER = "$(TEST_HOST)";
				CLANG_WARN_DOCUMENTATION_COMMENTS = YES;
				CLANG_WARN_SUSPICIOUS_MOVES = YES;
				"CODE_SIGN_IDENTITY[sdk=iphoneos*]" = "iPhone Developer";
				INFOPLIST_FILE = KWSDemo_Tests/Info.plist;
				LD_RUNPATH_SEARCH_PATHS = "$(inherited) @executable_path/Frameworks @loader_path/Frameworks";
				PRODUCT_BUNDLE_IDENTIFIER = "tv.superawesome.KWSDemo-Tests";
				PRODUCT_NAME = "$(TARGET_NAME)";
				SWIFT_VERSION = 3.0;
				TEST_HOST = "$(BUILT_PRODUCTS_DIR)/KWSDemo.app/KWSDemo";
			};
			name = Release;
		};
/* End XCBuildConfiguration section */

/* Begin XCConfigurationList section */
		1B56DFCC1D194A6200973075 /* Build configuration list for PBXProject "KWSDemo" */ = {
			isa = XCConfigurationList;
			buildConfigurations = (
				1B56DFE11D194A6200973075 /* Debug */,
				1B56DFE21D194A6200973075 /* Release */,
			);
			defaultConfigurationIsVisible = 0;
			defaultConfigurationName = Release;
		};
		1B56DFE31D194A6200973075 /* Build configuration list for PBXNativeTarget "KWSDemo" */ = {
			isa = XCConfigurationList;
			buildConfigurations = (
				1B56DFE41D194A6200973075 /* Debug */,
				1B56DFE51D194A6200973075 /* Release */,
			);
			defaultConfigurationIsVisible = 0;
			defaultConfigurationName = Release;
		};
		1B993B431E02FFDE00EE5001 /* Build configuration list for PBXNativeTarget "KWSDemo_Tests" */ = {
			isa = XCConfigurationList;
			buildConfigurations = (
				1B993B411E02FFDE00EE5001 /* Debug */,
				1B993B421E02FFDE00EE5001 /* Release */,
			);
			defaultConfigurationIsVisible = 0;
			defaultConfigurationName = Release;
		};
/* End XCConfigurationList section */
	};
	rootObject = 1B56DFC91D194A6200973075 /* Project object */;
}
